// !$*UTF8*$!
{
	archiveVersion = 1;
	classes = {
	};
	objectVersion = 55;
	objects = {

/* Begin PBXBuildFile section */
		496D2A81284D6ED50062A5F5 /* MobAppApp.swift in Sources */ = {isa = PBXBuildFile; fileRef = 496D2A80284D6ED50062A5F5 /* MobAppApp.swift */; };
		496D2A83284D6ED50062A5F5 /* ContentView.swift in Sources */ = {isa = PBXBuildFile; fileRef = 496D2A82284D6ED50062A5F5 /* ContentView.swift */; };
		496D2A85284D6ED80062A5F5 /* Assets.xcassets in Resources */ = {isa = PBXBuildFile; fileRef = 496D2A84284D6ED80062A5F5 /* Assets.xcassets */; };
		496D2A88284D6ED80062A5F5 /* Preview Assets.xcassets in Resources */ = {isa = PBXBuildFile; fileRef = 496D2A87284D6ED80062A5F5 /* Preview Assets.xcassets */; };
		496D2A92284D6ED80062A5F5 /* MobAppTests.swift in Sources */ = {isa = PBXBuildFile; fileRef = 496D2A91284D6ED80062A5F5 /* MobAppTests.swift */; };
		496D2A9C284D6ED80062A5F5 /* MobAppUITests.swift in Sources */ = {isa = PBXBuildFile; fileRef = 496D2A9B284D6ED80062A5F5 /* MobAppUITests.swift */; };
		496D2A9E284D6ED80062A5F5 /* MobAppUITestsLaunchTests.swift in Sources */ = {isa = PBXBuildFile; fileRef = 496D2A9D284D6ED80062A5F5 /* MobAppUITestsLaunchTests.swift */; };
		496D2AAB284D6F430062A5F5 /* HomeScreen.swift in Sources */ = {isa = PBXBuildFile; fileRef = 496D2AAA284D6F430062A5F5 /* HomeScreen.swift */; };
		496D2AAD284D70ED0062A5F5 /* MovieListScreen.swift in Sources */ = {isa = PBXBuildFile; fileRef = 496D2AAC284D70ED0062A5F5 /* MovieListScreen.swift */; };
		496D2AAF284E27AA0062A5F5 /* SettingsScreen.swift in Sources */ = {isa = PBXBuildFile; fileRef = 496D2AAE284E27AA0062A5F5 /* SettingsScreen.swift */; };
		496D2AB5284F8F590062A5F5 /* MovieListViewModel.swift in Sources */ = {isa = PBXBuildFile; fileRef = 496D2AB4284F8F590062A5F5 /* MovieListViewModel.swift */; };
		496D2AB8284F8FCA0062A5F5 /* Movie.swift in Sources */ = {isa = PBXBuildFile; fileRef = 496D2AB7284F8FCA0062A5F5 /* Movie.swift */; };
		496D2ABA284F90070062A5F5 /* ImageView.swift in Sources */ = {isa = PBXBuildFile; fileRef = 496D2AB9284F90070062A5F5 /* ImageView.swift */; };
		496D2ABD284F90380062A5F5 /* MovieDetailsView.swift in Sources */ = {isa = PBXBuildFile; fileRef = 496D2ABC284F90380062A5F5 /* MovieDetailsView.swift */; };
/* End PBXBuildFile section */

/* Begin PBXContainerItemProxy section */
		496D2A8E284D6ED80062A5F5 /* PBXContainerItemProxy */ = {
			isa = PBXContainerItemProxy;
			containerPortal = 496D2A75284D6ED50062A5F5 /* Project object */;
			proxyType = 1;
			remoteGlobalIDString = 496D2A7C284D6ED50062A5F5;
			remoteInfo = MobApp;
		};
		496D2A98284D6ED80062A5F5 /* PBXContainerItemProxy */ = {
			isa = PBXContainerItemProxy;
			containerPortal = 496D2A75284D6ED50062A5F5 /* Project object */;
			proxyType = 1;
			remoteGlobalIDString = 496D2A7C284D6ED50062A5F5;
			remoteInfo = MobApp;
		};
/* End PBXContainerItemProxy section */

/* Begin PBXFileReference section */
		496D2A7D284D6ED50062A5F5 /* MobApp.app */ = {isa = PBXFileReference; explicitFileType = wrapper.application; includeInIndex = 0; path = MobApp.app; sourceTree = BUILT_PRODUCTS_DIR; };
		496D2A80284D6ED50062A5F5 /* MobAppApp.swift */ = {isa = PBXFileReference; lastKnownFileType = sourcecode.swift; path = MobAppApp.swift; sourceTree = "<group>"; };
		496D2A82284D6ED50062A5F5 /* ContentView.swift */ = {isa = PBXFileReference; lastKnownFileType = sourcecode.swift; path = ContentView.swift; sourceTree = "<group>"; };
		496D2A84284D6ED80062A5F5 /* Assets.xcassets */ = {isa = PBXFileReference; lastKnownFileType = folder.assetcatalog; path = Assets.xcassets; sourceTree = "<group>"; };
		496D2A87284D6ED80062A5F5 /* Preview Assets.xcassets */ = {isa = PBXFileReference; lastKnownFileType = folder.assetcatalog; path = "Preview Assets.xcassets"; sourceTree = "<group>"; };
		496D2A8D284D6ED80062A5F5 /* MobAppTests.xctest */ = {isa = PBXFileReference; explicitFileType = wrapper.cfbundle; includeInIndex = 0; path = MobAppTests.xctest; sourceTree = BUILT_PRODUCTS_DIR; };
		496D2A91284D6ED80062A5F5 /* MobAppTests.swift */ = {isa = PBXFileReference; lastKnownFileType = sourcecode.swift; path = MobAppTests.swift; sourceTree = "<group>"; };
		496D2A97284D6ED80062A5F5 /* MobAppUITests.xctest */ = {isa = PBXFileReference; explicitFileType = wrapper.cfbundle; includeInIndex = 0; path = MobAppUITests.xctest; sourceTree = BUILT_PRODUCTS_DIR; };
		496D2A9B284D6ED80062A5F5 /* MobAppUITests.swift */ = {isa = PBXFileReference; lastKnownFileType = sourcecode.swift; path = MobAppUITests.swift; sourceTree = "<group>"; };
		496D2A9D284D6ED80062A5F5 /* MobAppUITestsLaunchTests.swift */ = {isa = PBXFileReference; lastKnownFileType = sourcecode.swift; path = MobAppUITestsLaunchTests.swift; sourceTree = "<group>"; };
		496D2AAA284D6F430062A5F5 /* HomeScreen.swift */ = {isa = PBXFileReference; lastKnownFileType = sourcecode.swift; path = HomeScreen.swift; sourceTree = "<group>"; };
		496D2AAC284D70ED0062A5F5 /* MovieListScreen.swift */ = {isa = PBXFileReference; lastKnownFileType = sourcecode.swift; path = MovieListScreen.swift; sourceTree = "<group>"; };
		496D2AAE284E27AA0062A5F5 /* SettingsScreen.swift */ = {isa = PBXFileReference; lastKnownFileType = sourcecode.swift; path = SettingsScreen.swift; sourceTree = "<group>"; };
		496D2AB4284F8F590062A5F5 /* MovieListViewModel.swift */ = {isa = PBXFileReference; lastKnownFileType = sourcecode.swift; path = MovieListViewModel.swift; sourceTree = "<group>"; };
		496D2AB7284F8FCA0062A5F5 /* Movie.swift */ = {isa = PBXFileReference; lastKnownFileType = sourcecode.swift; path = Movie.swift; sourceTree = "<group>"; };
		496D2AB9284F90070062A5F5 /* ImageView.swift */ = {isa = PBXFileReference; lastKnownFileType = sourcecode.swift; path = ImageView.swift; sourceTree = "<group>"; };
		496D2ABC284F90380062A5F5 /* MovieDetailsView.swift */ = {isa = PBXFileReference; lastKnownFileType = sourcecode.swift; path = MovieDetailsView.swift; sourceTree = "<group>"; };
/* End PBXFileReference section */

/* Begin PBXFrameworksBuildPhase section */
		496D2A7A284D6ED50062A5F5 /* Frameworks */ = {
			isa = PBXFrameworksBuildPhase;
			buildActionMask = 2147483647;
			files = (
			);
			runOnlyForDeploymentPostprocessing = 0;
		};
		496D2A8A284D6ED80062A5F5 /* Frameworks */ = {
			isa = PBXFrameworksBuildPhase;
			buildActionMask = 2147483647;
			files = (
			);
			runOnlyForDeploymentPostprocessing = 0;
		};
		496D2A94284D6ED80062A5F5 /* Frameworks */ = {
			isa = PBXFrameworksBuildPhase;
			buildActionMask = 2147483647;
			files = (
			);
			runOnlyForDeploymentPostprocessing = 0;
		};
/* End PBXFrameworksBuildPhase section */

/* Begin PBXGroup section */
		496D2A74284D6ED50062A5F5 = {
			isa = PBXGroup;
			children = (
				496D2A7F284D6ED50062A5F5 /* MobApp */,
				496D2A90284D6ED80062A5F5 /* MobAppTests */,
				496D2A9A284D6ED80062A5F5 /* MobAppUITests */,
				496D2A7E284D6ED50062A5F5 /* Products */,
			);
			sourceTree = "<group>";
		};
		496D2A7E284D6ED50062A5F5 /* Products */ = {
			isa = PBXGroup;
			children = (
				496D2A7D284D6ED50062A5F5 /* MobApp.app */,
				496D2A8D284D6ED80062A5F5 /* MobAppTests.xctest */,
				496D2A97284D6ED80062A5F5 /* MobAppUITests.xctest */,
			);
			name = Products;
			sourceTree = "<group>";
		};
		496D2A7F284D6ED50062A5F5 /* MobApp */ = {
			isa = PBXGroup;
			children = (
				496D2A80284D6ED50062A5F5 /* MobAppApp.swift */,
				496D2AB6284F8FA20062A5F5 /* Model */,
				496D2AB0284F8EAA0062A5F5 /* Views */,
				496D2A84284D6ED80062A5F5 /* Assets.xcassets */,
				496D2A86284D6ED80062A5F5 /* Preview Content */,
			);
			path = MobApp;
			sourceTree = "<group>";
		};
		496D2A86284D6ED80062A5F5 /* Preview Content */ = {
			isa = PBXGroup;
			children = (
				496D2A87284D6ED80062A5F5 /* Preview Assets.xcassets */,
			);
			path = "Preview Content";
			sourceTree = "<group>";
		};
		496D2A90284D6ED80062A5F5 /* MobAppTests */ = {
			isa = PBXGroup;
			children = (
				496D2A91284D6ED80062A5F5 /* MobAppTests.swift */,
			);
			path = MobAppTests;
			sourceTree = "<group>";
		};
		496D2A9A284D6ED80062A5F5 /* MobAppUITests */ = {
			isa = PBXGroup;
			children = (
				496D2A9B284D6ED80062A5F5 /* MobAppUITests.swift */,
				496D2A9D284D6ED80062A5F5 /* MobAppUITestsLaunchTests.swift */,
			);
			path = MobAppUITests;
			sourceTree = "<group>";
		};
		496D2AB0284F8EAA0062A5F5 /* Views */ = {
			isa = PBXGroup;
			children = (
				49E6705E2857ABCF004AD581 /* Tabs */,
				496D2A82284D6ED50062A5F5 /* ContentView.swift */,
			);
			path = Views;
			sourceTree = "<group>";
		};
		496D2AB6284F8FA20062A5F5 /* Model */ = {
			isa = PBXGroup;
			children = (
				496D2AB7284F8FCA0062A5F5 /* Movie.swift */,
			);
			path = Model;
			sourceTree = "<group>";
		};
		49E6705B2857AB51004AD581 /* Home */ = {
			isa = PBXGroup;
			children = (
				496D2AAA284D6F430062A5F5 /* HomeScreen.swift */,
				49E6705F2857AC6F004AD581 /* ViewModels */,
			);
			path = Home;
			sourceTree = "<group>";
		};
		49E6705C2857AB6E004AD581 /* MovieList */ = {
			isa = PBXGroup;
			children = (
				496D2AAC284D70ED0062A5F5 /* MovieListScreen.swift */,
				496D2ABC284F90380062A5F5 /* MovieDetailsView.swift */,
				496D2AB9284F90070062A5F5 /* ImageView.swift */,
			);
			path = MovieList;
			sourceTree = "<group>";
		};
		49E6705D2857AB9C004AD581 /* Settings */ = {
			isa = PBXGroup;
			children = (
				496D2AAE284E27AA0062A5F5 /* SettingsScreen.swift */,
			);
			path = Settings;
			sourceTree = "<group>";
		};
		49E6705E2857ABCF004AD581 /* Tabs */ = {
			isa = PBXGroup;
			children = (
				49E6705D2857AB9C004AD581 /* Settings */,
				49E6705C2857AB6E004AD581 /* MovieList */,
				49E6705B2857AB51004AD581 /* Home */,
			);
			path = Tabs;
			sourceTree = "<group>";
		};
		49E6705F2857AC6F004AD581 /* ViewModels */ = {
			isa = PBXGroup;
			children = (
				496D2AB4284F8F590062A5F5 /* MovieListViewModel.swift */,
			);
			path = ViewModels;
			sourceTree = "<group>";
		};
/* End PBXGroup section */

/* Begin PBXNativeTarget section */
		496D2A7C284D6ED50062A5F5 /* MobApp */ = {
			isa = PBXNativeTarget;
			buildConfigurationList = 496D2AA1284D6ED80062A5F5 /* Build configuration list for PBXNativeTarget "MobApp" */;
			buildPhases = (
				496D2A79284D6ED50062A5F5 /* Sources */,
				496D2A7A284D6ED50062A5F5 /* Frameworks */,
				496D2A7B284D6ED50062A5F5 /* Resources */,
			);
			buildRules = (
			);
			dependencies = (
			);
			name = MobApp;
			productName = MobApp;
			productReference = 496D2A7D284D6ED50062A5F5 /* MobApp.app */;
			productType = "com.apple.product-type.application";
		};
		496D2A8C284D6ED80062A5F5 /* MobAppTests */ = {
			isa = PBXNativeTarget;
			buildConfigurationList = 496D2AA4284D6ED80062A5F5 /* Build configuration list for PBXNativeTarget "MobAppTests" */;
			buildPhases = (
				496D2A89284D6ED80062A5F5 /* Sources */,
				496D2A8A284D6ED80062A5F5 /* Frameworks */,
				496D2A8B284D6ED80062A5F5 /* Resources */,
			);
			buildRules = (
			);
			dependencies = (
				496D2A8F284D6ED80062A5F5 /* PBXTargetDependency */,
			);
			name = MobAppTests;
			productName = MobAppTests;
			productReference = 496D2A8D284D6ED80062A5F5 /* MobAppTests.xctest */;
			productType = "com.apple.product-type.bundle.unit-test";
		};
		496D2A96284D6ED80062A5F5 /* MobAppUITests */ = {
			isa = PBXNativeTarget;
			buildConfigurationList = 496D2AA7284D6ED80062A5F5 /* Build configuration list for PBXNativeTarget "MobAppUITests" */;
			buildPhases = (
				496D2A93284D6ED80062A5F5 /* Sources */,
				496D2A94284D6ED80062A5F5 /* Frameworks */,
				496D2A95284D6ED80062A5F5 /* Resources */,
			);
			buildRules = (
			);
			dependencies = (
				496D2A99284D6ED80062A5F5 /* PBXTargetDependency */,
			);
			name = MobAppUITests;
			productName = MobAppUITests;
			productReference = 496D2A97284D6ED80062A5F5 /* MobAppUITests.xctest */;
			productType = "com.apple.product-type.bundle.ui-testing";
		};
/* End PBXNativeTarget section */

/* Begin PBXProject section */
		496D2A75284D6ED50062A5F5 /* Project object */ = {
			isa = PBXProject;
			attributes = {
				BuildIndependentTargetsInParallel = 1;
				LastSwiftUpdateCheck = 1340;
				LastUpgradeCheck = 1340;
				TargetAttributes = {
					496D2A7C284D6ED50062A5F5 = {
						CreatedOnToolsVersion = 13.4.1;
					};
					496D2A8C284D6ED80062A5F5 = {
						CreatedOnToolsVersion = 13.4.1;
						TestTargetID = 496D2A7C284D6ED50062A5F5;
					};
					496D2A96284D6ED80062A5F5 = {
						CreatedOnToolsVersion = 13.4.1;
						TestTargetID = 496D2A7C284D6ED50062A5F5;
					};
				};
			};
			buildConfigurationList = 496D2A78284D6ED50062A5F5 /* Build configuration list for PBXProject "MobApp" */;
			compatibilityVersion = "Xcode 13.0";
			developmentRegion = en;
			hasScannedForEncodings = 0;
			knownRegions = (
				en,
				Base,
			);
			mainGroup = 496D2A74284D6ED50062A5F5;
			productRefGroup = 496D2A7E284D6ED50062A5F5 /* Products */;
			projectDirPath = "";
			projectRoot = "";
			targets = (
				496D2A7C284D6ED50062A5F5 /* MobApp */,
				496D2A8C284D6ED80062A5F5 /* MobAppTests */,
				496D2A96284D6ED80062A5F5 /* MobAppUITests */,
			);
		};
/* End PBXProject section */

/* Begin PBXResourcesBuildPhase section */
		496D2A7B284D6ED50062A5F5 /* Resources */ = {
			isa = PBXResourcesBuildPhase;
			buildActionMask = 2147483647;
			files = (
				496D2A88284D6ED80062A5F5 /* Preview Assets.xcassets in Resources */,
				496D2A85284D6ED80062A5F5 /* Assets.xcassets in Resources */,
			);
			runOnlyForDeploymentPostprocessing = 0;
		};
		496D2A8B284D6ED80062A5F5 /* Resources */ = {
			isa = PBXResourcesBuildPhase;
			buildActionMask = 2147483647;
			files = (
			);
			runOnlyForDeploymentPostprocessing = 0;
		};
		496D2A95284D6ED80062A5F5 /* Resources */ = {
			isa = PBXResourcesBuildPhase;
			buildActionMask = 2147483647;
			files = (
			);
			runOnlyForDeploymentPostprocessing = 0;
		};
/* End PBXResourcesBuildPhase section */

/* Begin PBXSourcesBuildPhase section */
		496D2A79284D6ED50062A5F5 /* Sources */ = {
			isa = PBXSourcesBuildPhase;
			buildActionMask = 2147483647;
			files = (
				496D2ABA284F90070062A5F5 /* ImageView.swift in Sources */,
				496D2AB8284F8FCA0062A5F5 /* Movie.swift in Sources */,
				496D2AAD284D70ED0062A5F5 /* MovieListScreen.swift in Sources */,
				496D2A83284D6ED50062A5F5 /* ContentView.swift in Sources */,
				496D2A81284D6ED50062A5F5 /* MobAppApp.swift in Sources */,
				496D2AAF284E27AA0062A5F5 /* SettingsScreen.swift in Sources */,
				496D2ABD284F90380062A5F5 /* MovieDetailsView.swift in Sources */,
				496D2AAB284D6F430062A5F5 /* HomeScreen.swift in Sources */,
				496D2AB5284F8F590062A5F5 /* MovieListViewModel.swift in Sources */,
			);
			runOnlyForDeploymentPostprocessing = 0;
		};
		496D2A89284D6ED80062A5F5 /* Sources */ = {
			isa = PBXSourcesBuildPhase;
			buildActionMask = 2147483647;
			files = (
				496D2A92284D6ED80062A5F5 /* MobAppTests.swift in Sources */,
			);
			runOnlyForDeploymentPostprocessing = 0;
		};
		496D2A93284D6ED80062A5F5 /* Sources */ = {
			isa = PBXSourcesBuildPhase;
			buildActionMask = 2147483647;
			files = (
				496D2A9C284D6ED80062A5F5 /* MobAppUITests.swift in Sources */,
				496D2A9E284D6ED80062A5F5 /* MobAppUITestsLaunchTests.swift in Sources */,
			);
			runOnlyForDeploymentPostprocessing = 0;
		};
/* End PBXSourcesBuildPhase section */

/* Begin PBXTargetDependency section */
		496D2A8F284D6ED80062A5F5 /* PBXTargetDependency */ = {
			isa = PBXTargetDependency;
			target = 496D2A7C284D6ED50062A5F5 /* MobApp */;
			targetProxy = 496D2A8E284D6ED80062A5F5 /* PBXContainerItemProxy */;
		};
		496D2A99284D6ED80062A5F5 /* PBXTargetDependency */ = {
			isa = PBXTargetDependency;
			target = 496D2A7C284D6ED50062A5F5 /* MobApp */;
			targetProxy = 496D2A98284D6ED80062A5F5 /* PBXContainerItemProxy */;
		};
/* End PBXTargetDependency section */

/* Begin XCBuildConfiguration section */
		496D2A9F284D6ED80062A5F5 /* Debug */ = {
			isa = XCBuildConfiguration;
			buildSettings = {
				ALWAYS_SEARCH_USER_PATHS = NO;
				CLANG_ANALYZER_NONNULL = YES;
				CLANG_ANALYZER_NUMBER_OBJECT_CONVERSION = YES_AGGRESSIVE;
				CLANG_CXX_LANGUAGE_STANDARD = "gnu++17";
				CLANG_ENABLE_MODULES = YES;
				CLANG_ENABLE_OBJC_ARC = YES;
				CLANG_ENABLE_OBJC_WEAK = YES;
				CLANG_WARN_BLOCK_CAPTURE_AUTORELEASING = YES;
				CLANG_WARN_BOOL_CONVERSION = YES;
				CLANG_WARN_COMMA = YES;
				CLANG_WARN_CONSTANT_CONVERSION = YES;
				CLANG_WARN_DEPRECATED_OBJC_IMPLEMENTATIONS = YES;
				CLANG_WARN_DIRECT_OBJC_ISA_USAGE = YES_ERROR;
				CLANG_WARN_DOCUMENTATION_COMMENTS = YES;
				CLANG_WARN_EMPTY_BODY = YES;
				CLANG_WARN_ENUM_CONVERSION = YES;
				CLANG_WARN_INFINITE_RECURSION = YES;
				CLANG_WARN_INT_CONVERSION = YES;
				CLANG_WARN_NON_LITERAL_NULL_CONVERSION = YES;
				CLANG_WARN_OBJC_IMPLICIT_RETAIN_SELF = YES;
				CLANG_WARN_OBJC_LITERAL_CONVERSION = YES;
				CLANG_WARN_OBJC_ROOT_CLASS = YES_ERROR;
				CLANG_WARN_QUOTED_INCLUDE_IN_FRAMEWORK_HEADER = YES;
				CLANG_WARN_RANGE_LOOP_ANALYSIS = YES;
				CLANG_WARN_STRICT_PROTOTYPES = YES;
				CLANG_WARN_SUSPICIOUS_MOVE = YES;
				CLANG_WARN_UNGUARDED_AVAILABILITY = YES_AGGRESSIVE;
				CLANG_WARN_UNREACHABLE_CODE = YES;
				CLANG_WARN__DUPLICATE_METHOD_MATCH = YES;
				COPY_PHASE_STRIP = NO;
				DEBUG_INFORMATION_FORMAT = dwarf;
				ENABLE_STRICT_OBJC_MSGSEND = YES;
				ENABLE_TESTABILITY = YES;
				GCC_C_LANGUAGE_STANDARD = gnu11;
				GCC_DYNAMIC_NO_PIC = NO;
				GCC_NO_COMMON_BLOCKS = YES;
				GCC_OPTIMIZATION_LEVEL = 0;
				GCC_PREPROCESSOR_DEFINITIONS = (
					"DEBUG=1",
					"$(inherited)",
				);
				GCC_WARN_64_TO_32_BIT_CONVERSION = YES;
				GCC_WARN_ABOUT_RETURN_TYPE = YES_ERROR;
				GCC_WARN_UNDECLARED_SELECTOR = YES;
				GCC_WARN_UNINITIALIZED_AUTOS = YES_AGGRESSIVE;
				GCC_WARN_UNUSED_FUNCTION = YES;
				GCC_WARN_UNUSED_VARIABLE = YES;
				IPHONEOS_DEPLOYMENT_TARGET = 15.5;
				MTL_ENABLE_DEBUG_INFO = INCLUDE_SOURCE;
				MTL_FAST_MATH = YES;
				ONLY_ACTIVE_ARCH = YES;
				SDKROOT = iphoneos;
				SWIFT_ACTIVE_COMPILATION_CONDITIONS = DEBUG;
				SWIFT_OPTIMIZATION_LEVEL = "-Onone";
			};
			name = Debug;
		};
		496D2AA0284D6ED80062A5F5 /* Release */ = {
			isa = XCBuildConfiguration;
			buildSettings = {
				ALWAYS_SEARCH_USER_PATHS = NO;
				CLANG_ANALYZER_NONNULL = YES;
				CLANG_ANALYZER_NUMBER_OBJECT_CONVERSION = YES_AGGRESSIVE;
				CLANG_CXX_LANGUAGE_STANDARD = "gnu++17";
				CLANG_ENABLE_MODULES = YES;
				CLANG_ENABLE_OBJC_ARC = YES;
				CLANG_ENABLE_OBJC_WEAK = YES;
				CLANG_WARN_BLOCK_CAPTURE_AUTORELEASING = YES;
				CLANG_WARN_BOOL_CONVERSION = YES;
				CLANG_WARN_COMMA = YES;
				CLANG_WARN_CONSTANT_CONVERSION = YES;
				CLANG_WARN_DEPRECATED_OBJC_IMPLEMENTATIONS = YES;
				CLANG_WARN_DIRECT_OBJC_ISA_USAGE = YES_ERROR;
				CLANG_WARN_DOCUMENTATION_COMMENTS = YES;
				CLANG_WARN_EMPTY_BODY = YES;
				CLANG_WARN_ENUM_CONVERSION = YES;
				CLANG_WARN_INFINITE_RECURSION = YES;
				CLANG_WARN_INT_CONVERSION = YES;
				CLANG_WARN_NON_LITERAL_NULL_CONVERSION = YES;
				CLANG_WARN_OBJC_IMPLICIT_RETAIN_SELF = YES;
				CLANG_WARN_OBJC_LITERAL_CONVERSION = YES;
				CLANG_WARN_OBJC_ROOT_CLASS = YES_ERROR;
				CLANG_WARN_QUOTED_INCLUDE_IN_FRAMEWORK_HEADER = YES;
				CLANG_WARN_RANGE_LOOP_ANALYSIS = YES;
				CLANG_WARN_STRICT_PROTOTYPES = YES;
				CLANG_WARN_SUSPICIOUS_MOVE = YES;
				CLANG_WARN_UNGUARDED_AVAILABILITY = YES_AGGRESSIVE;
				CLANG_WARN_UNREACHABLE_CODE = YES;
				CLANG_WARN__DUPLICATE_METHOD_MATCH = YES;
				COPY_PHASE_STRIP = NO;
				DEBUG_INFORMATION_FORMAT = "dwarf-with-dsym";
				ENABLE_NS_ASSERTIONS = NO;
				ENABLE_STRICT_OBJC_MSGSEND = YES;
				GCC_C_LANGUAGE_STANDARD = gnu11;
				GCC_NO_COMMON_BLOCKS = YES;
				GCC_WARN_64_TO_32_BIT_CONVERSION = YES;
				GCC_WARN_ABOUT_RETURN_TYPE = YES_ERROR;
				GCC_WARN_UNDECLARED_SELECTOR = YES;
				GCC_WARN_UNINITIALIZED_AUTOS = YES_AGGRESSIVE;
				GCC_WARN_UNUSED_FUNCTION = YES;
				GCC_WARN_UNUSED_VARIABLE = YES;
				IPHONEOS_DEPLOYMENT_TARGET = 15.5;
				MTL_ENABLE_DEBUG_INFO = NO;
				MTL_FAST_MATH = YES;
				SDKROOT = iphoneos;
				SWIFT_COMPILATION_MODE = wholemodule;
				SWIFT_OPTIMIZATION_LEVEL = "-O";
				VALIDATE_PRODUCT = YES;
			};
			name = Release;
		};
		496D2AA2284D6ED80062A5F5 /* Debug */ = {
			isa = XCBuildConfiguration;
			buildSettings = {
				ASSETCATALOG_COMPILER_APPICON_NAME = AppIcon;
				ASSETCATALOG_COMPILER_GLOBAL_ACCENT_COLOR_NAME = AccentColor;
				CODE_SIGN_STYLE = Automatic;
				CURRENT_PROJECT_VERSION = 1;
				DEVELOPMENT_ASSET_PATHS = "\"MobApp/Preview Content\"";
				DEVELOPMENT_TEAM = HPQTL9HB22;
				ENABLE_PREVIEWS = YES;
				GENERATE_INFOPLIST_FILE = YES;
				INFOPLIST_KEY_UIApplicationSceneManifest_Generation = YES;
				INFOPLIST_KEY_UIApplicationSupportsIndirectInputEvents = YES;
				INFOPLIST_KEY_UILaunchScreen_Generation = YES;
				INFOPLIST_KEY_UISupportedInterfaceOrientations_iPad = "UIInterfaceOrientationPortrait UIInterfaceOrientationPortraitUpsideDown UIInterfaceOrientationLandscapeLeft UIInterfaceOrientationLandscapeRight";
				INFOPLIST_KEY_UISupportedInterfaceOrientations_iPhone = "UIInterfaceOrientationPortrait UIInterfaceOrientationLandscapeLeft UIInterfaceOrientationLandscapeRight";
				LD_RUNPATH_SEARCH_PATHS = (
					"$(inherited)",
					"@executable_path/Frameworks",
				);
				MARKETING_VERSION = 1.0;
				PRODUCT_BUNDLE_IDENTIFIER = com.aparc.MobApp;
				PRODUCT_NAME = "$(TARGET_NAME)";
				SWIFT_EMIT_LOC_STRINGS = YES;
				SWIFT_VERSION = 5.0;
				TARGETED_DEVICE_FAMILY = "1,2";
			};
			name = Debug;
		};
		496D2AA3284D6ED80062A5F5 /* Release */ = {
			isa = XCBuildConfiguration;
			buildSettings = {
				ASSETCATALOG_COMPILER_APPICON_NAME = AppIcon;
				ASSETCATALOG_COMPILER_GLOBAL_ACCENT_COLOR_NAME = AccentColor;
				CODE_SIGN_STYLE = Automatic;
				CURRENT_PROJECT_VERSION = 1;
				DEVELOPMENT_ASSET_PATHS = "\"MobApp/Preview Content\"";
				DEVELOPMENT_TEAM = HPQTL9HB22;
				ENABLE_PREVIEWS = YES;
				GENERATE_INFOPLIST_FILE = YES;
				INFOPLIST_KEY_UIApplicationSceneManifest_Generation = YES;
				INFOPLIST_KEY_UIApplicationSupportsIndirectInputEvents = YES;
				INFOPLIST_KEY_UILaunchScreen_Generation = YES;
				INFOPLIST_KEY_UISupportedInterfaceOrientations_iPad = "UIInterfaceOrientationPortrait UIInterfaceOrientationPortraitUpsideDown UIInterfaceOrientationLandscapeLeft UIInterfaceOrientationLandscapeRight";
				INFOPLIST_KEY_UISupportedInterfaceOrientations_iPhone = "UIInterfaceOrientationPortrait UIInterfaceOrientationLandscapeLeft UIInterfaceOrientationLandscapeRight";
				LD_RUNPATH_SEARCH_PATHS = (
					"$(inherited)",
					"@executable_path/Frameworks",
				);
				MARKETING_VERSION = 1.0;
				PRODUCT_BUNDLE_IDENTIFIER = com.aparc.MobApp;
				PRODUCT_NAME = "$(TARGET_NAME)";
				SWIFT_EMIT_LOC_STRINGS = YES;
				SWIFT_VERSION = 5.0;
				TARGETED_DEVICE_FAMILY = "1,2";
			};
			name = Release;
		};
		496D2AA5284D6ED80062A5F5 /* Debug */ = {
			isa = XCBuildConfiguration;
			buildSettings = {
				ALWAYS_EMBED_SWIFT_STANDARD_LIBRARIES = YES;
				BUNDLE_LOADER = "$(TEST_HOST)";
				CODE_SIGN_STYLE = Automatic;
				CURRENT_PROJECT_VERSION = 1;
				GENERATE_INFOPLIST_FILE = YES;
				IPHONEOS_DEPLOYMENT_TARGET = 15.5;
				MARKETING_VERSION = 1.0;
				PRODUCT_BUNDLE_IDENTIFIER = com.aparc.MobAppTests;
				PRODUCT_NAME = "$(TARGET_NAME)";
				SWIFT_EMIT_LOC_STRINGS = NO;
				SWIFT_VERSION = 5.0;
				TARGETED_DEVICE_FAMILY = "1,2";
				TEST_HOST = "$(BUILT_PRODUCTS_DIR)/MobApp.app/MobApp";
			};
			name = Debug;
		};
		496D2AA6284D6ED80062A5F5 /* Release */ = {
			isa = XCBuildConfiguration;
			buildSettings = {
				ALWAYS_EMBED_SWIFT_STANDARD_LIBRARIES = YES;
				BUNDLE_LOADER = "$(TEST_HOST)";
				CODE_SIGN_STYLE = Automatic;
				CURRENT_PROJECT_VERSION = 1;
				GENERATE_INFOPLIST_FILE = YES;
				IPHONEOS_DEPLOYMENT_TARGET = 15.5;
				MARKETING_VERSION = 1.0;
				PRODUCT_BUNDLE_IDENTIFIER = com.aparc.MobAppTests;
				PRODUCT_NAME = "$(TARGET_NAME)";
				SWIFT_EMIT_LOC_STRINGS = NO;
				SWIFT_VERSION = 5.0;
				TARGETED_DEVICE_FAMILY = "1,2";
				TEST_HOST = "$(BUILT_PRODUCTS_DIR)/MobApp.app/MobApp";
			};
			name = Release;
		};
		496D2AA8284D6ED80062A5F5 /* Debug */ = {
			isa = XCBuildConfiguration;
			buildSettings = {
				ALWAYS_EMBED_SWIFT_STANDARD_LIBRARIES = YES;
				CODE_SIGN_STYLE = Automatic;
				CURRENT_PROJECT_VERSION = 1;
				GENERATE_INFOPLIST_FILE = YES;
				MARKETING_VERSION = 1.0;
				PRODUCT_BUNDLE_IDENTIFIER = com.aparc.MobAppUITests;
				PRODUCT_NAME = "$(TARGET_NAME)";
				SWIFT_EMIT_LOC_STRINGS = NO;
				SWIFT_VERSION = 5.0;
				TARGETED_DEVICE_FAMILY = "1,2";
				TEST_TARGET_NAME = MobApp;
			};
			name = Debug;
		};
		496D2AA9284D6ED80062A5F5 /* Release */ = {
			isa = XCBuildConfiguration;
			buildSettings = {
				ALWAYS_EMBED_SWIFT_STANDARD_LIBRARIES = YES;
				CODE_SIGN_STYLE = Automatic;
				CURRENT_PROJECT_VERSION = 1;
				GENERATE_INFOPLIST_FILE = YES;
				MARKETING_VERSION = 1.0;
				PRODUCT_BUNDLE_IDENTIFIER = com.aparc.MobAppUITests;
				PRODUCT_NAME = "$(TARGET_NAME)";
				SWIFT_EMIT_LOC_STRINGS = NO;
				SWIFT_VERSION = 5.0;
				TARGETED_DEVICE_FAMILY = "1,2";
				TEST_TARGET_NAME = MobApp;
			};
			name = Release;
		};
/* End XCBuildConfiguration section */

/* Begin XCConfigurationList section */
		496D2A78284D6ED50062A5F5 /* Build configuration list for PBXProject "MobApp" */ = {
			isa = XCConfigurationList;
			buildConfigurations = (
				496D2A9F284D6ED80062A5F5 /* Debug */,
				496D2AA0284D6ED80062A5F5 /* Release */,
			);
			defaultConfigurationIsVisible = 0;
			defaultConfigurationName = Release;
		};
		496D2AA1284D6ED80062A5F5 /* Build configuration list for PBXNativeTarget "MobApp" */ = {
			isa = XCConfigurationList;
			buildConfigurations = (
				496D2AA2284D6ED80062A5F5 /* Debug */,
				496D2AA3284D6ED80062A5F5 /* Release */,
			);
			defaultConfigurationIsVisible = 0;
			defaultConfigurationName = Release;
		};
		496D2AA4284D6ED80062A5F5 /* Build configuration list for PBXNativeTarget "MobAppTests" */ = {
			isa = XCConfigurationList;
			buildConfigurations = (
				496D2AA5284D6ED80062A5F5 /* Debug */,
				496D2AA6284D6ED80062A5F5 /* Release */,
			);
			defaultConfigurationIsVisible = 0;
			defaultConfigurationName = Release;
		};
		496D2AA7284D6ED80062A5F5 /* Build configuration list for PBXNativeTarget "MobAppUITests" */ = {
			isa = XCConfigurationList;
			buildConfigurations = (
				496D2AA8284D6ED80062A5F5 /* Debug */,
				496D2AA9284D6ED80062A5F5 /* Release */,
			);
			defaultConfigurationIsVisible = 0;
			defaultConfigurationName = Release;
		};
/* End XCConfigurationList section */
	};
	rootObject = 496D2A75284D6ED50062A5F5 /* Project object */;
}
